
Microsoft Visual Studio Solution File, Format Version 12.00
# Visual Studio 15
VisualStudioVersion = 15.0.28307.421
MinimumVisualStudioVersion = 10.0.40219.1
Project("{FAE04EC0-301F-11D3-BF4B-00C04F79EFBC}") = "aspnetcorewebapp", "aspnetcorewebapp\aspnetcorewebapp.csproj", "{FBC24BAB-5E48-4497-B6F6-6B8EDFCF2EE7}"
EndProject
Global
	GlobalSection(SolutionConfigurationPlatforms) = preSolution
		Debug|Any CPU = Debug|Any CPU
		Release|Any CPU = Release|Any CPU
	EndGlobalSection
	GlobalSection(ProjectConfigurationPlatforms) = postSolution
		{FBC24BAB-5E48-4497-B6F6-6B8EDFCF2EE7}.Debug|Any CPU.ActiveCfg = Debug|Any CPU
		{FBC24BAB-5E48-4497-B6F6-6B8EDFCF2EE7}.Debug|Any CPU.Build.0 = Debug|Any CPU
		{FBC24BAB-5E48-4497-B6F6-6B8EDFCF2EE7}.Release|Any CPU.ActiveCfg = Release|Any CPU
		{FBC24BAB-5E48-4497-B6F6-6B8EDFCF2EE7}.Release|Any CPU.Build.0 = Release|Any CPU
	EndGlobalSection
	GlobalSection(SolutionProperties) = preSolution
		HideSolutionNode = FALSE
	EndGlobalSection
	GlobalSection(ExtensibilityGlobals) = postSolution
		SolutionGuid = {B87CE449-E32D-45DC-90B7-54DC183763A7}
	EndGlobalSection
EndGlobal
